
Microsoft Visual Studio Solution File, Format Version 12.00
# Visual Studio 2013
VisualStudioVersion = 12.0.31101.0
MinimumVisualStudioVersion = 10.0.40219.1
Project("{FAE04EC0-301F-11D3-BF4B-00C04F79EFBC}") = "BackingPropertiesDemo", "BackingProperties\BackingPropertiesDemo.csproj", "{BC314162-C248-490C-8BE6-2C896DED30AD}"
EndProject
Project("{FAE04EC0-301F-11D3-BF4B-00C04F79EFBC}") = "BackingPropertiesConsoleDemo", "BackingPropertiesConsoleDemo\BackingPropertiesConsoleDemo.csproj", "{90328E5B-BBB4-4821-BA3C-5BAE43F4DECE}"
EndProject
Global
	GlobalSection(SolutionConfigurationPlatforms) = preSolution
		Debug|Any CPU = Debug|Any CPU
		Release|Any CPU = Release|Any CPU
	EndGlobalSection
	GlobalSection(ProjectConfigurationPlatforms) = postSolution
		{BC314162-C248-490C-8BE6-2C896DED30AD}.Debug|Any CPU.ActiveCfg = Debug|Any CPU
		{BC314162-C248-490C-8BE6-2C896DED30AD}.Debug|Any CPU.Build.0 = Debug|Any CPU
		{BC314162-C248-490C-8BE6-2C896DED30AD}.Release|Any CPU.ActiveCfg = Release|Any CPU
		{BC314162-C248-490C-8BE6-2C896DED30AD}.Release|Any CPU.Build.0 = Release|Any CPU
		{90328E5B-BBB4-4821-BA3C-5BAE43F4DECE}.Debug|Any CPU.ActiveCfg = Debug|Any CPU
		{90328E5B-BBB4-4821-BA3C-5BAE43F4DECE}.Debug|Any CPU.Build.0 = Debug|Any CPU
		{90328E5B-BBB4-4821-BA3C-5BAE43F4DECE}.Release|Any CPU.ActiveCfg = Release|Any CPU
		{90328E5B-BBB4-4821-BA3C-5BAE43F4DECE}.Release|Any CPU.Build.0 = Release|Any CPU
	EndGlobalSection
	GlobalSection(SolutionProperties) = preSolution
		HideSolutionNode = FALSE
	EndGlobalSection
EndGlobal
